{
  "pins" : [
    {
      "identity" : "kivypythoncore",
      "kind" : "remoteSourceControl",
      "location" : "https://github.com/PythonSwiftLink/KivyPythonCore",
      "state" : {
        "revision" : "f3b5774bd593b3c35af64ebc3d471365b0ecf3a4",
        "version" : "311.0.1"
      }
    },
    {
      "identity" : "kivyswiftlink",
      "kind" : "remoteSourceControl",
      "location" : "https://github.com/PythonSwiftLink/KivySwiftLink",
      "state" : {
        "revision" : "7c76055676427778b13f89a0d1ed19952649b954",
        "version" : "311.0.1"
      }
    }
  ],
  "version" : 2
}
